
Microsoft Visual Studio Solution File, Format Version 12.00
Project("{FAE04EC0-301F-11D3-BF4B-00C04F79EFBC}") = "gfa-worker-common", "gfa-worker-common\gfa-worker-common.csproj", "{66E0E0F3-8001-4A4D-8D7D-CC63A363371A}"
EndProject
Project("{FAE04EC0-301F-11D3-BF4B-00C04F79EFBC}") = "gfa-worker-item", "gfa-worker-item\gfa-worker-item.csproj", "{54F70FCF-888C-4F12-9F00-4E50C87905CD}"
EndProject
Project("{FAE04EC0-301F-11D3-BF4B-00C04F79EFBC}") = "gfa-worker-purchase", "gfa-worker-purchase\gfa-worker-purchase.csproj", "{DAD9104C-2F20-447B-802A-DE87E14C95F9}"
EndProject
Project("{FAE04EC0-301F-11D3-BF4B-00C04F79EFBC}") = "gfa-worker-vendor", "gfa-worker-vendor\gfa-worker-vendor.csproj", "{C38B7FA9-47FB-4B66-B9E5-D640A0021C65}"
EndProject
Global
	GlobalSection(SolutionConfigurationPlatforms) = preSolution
		Debug|Any CPU = Debug|Any CPU
		Release|Any CPU = Release|Any CPU
	EndGlobalSection
	GlobalSection(ProjectConfigurationPlatforms) = postSolution
		{66E0E0F3-8001-4A4D-8D7D-CC63A363371A}.Debug|Any CPU.ActiveCfg = Debug|Any CPU
		{66E0E0F3-8001-4A4D-8D7D-CC63A363371A}.Debug|Any CPU.Build.0 = Debug|Any CPU
		{66E0E0F3-8001-4A4D-8D7D-CC63A363371A}.Release|Any CPU.ActiveCfg = Release|Any CPU
		{66E0E0F3-8001-4A4D-8D7D-CC63A363371A}.Release|Any CPU.Build.0 = Release|Any CPU
		{54F70FCF-888C-4F12-9F00-4E50C87905CD}.Debug|Any CPU.ActiveCfg = Debug|Any CPU
		{54F70FCF-888C-4F12-9F00-4E50C87905CD}.Debug|Any CPU.Build.0 = Debug|Any CPU
		{54F70FCF-888C-4F12-9F00-4E50C87905CD}.Release|Any CPU.ActiveCfg = Release|Any CPU
		{54F70FCF-888C-4F12-9F00-4E50C87905CD}.Release|Any CPU.Build.0 = Release|Any CPU
		{DAD9104C-2F20-447B-802A-DE87E14C95F9}.Debug|Any CPU.ActiveCfg = Debug|Any CPU
		{DAD9104C-2F20-447B-802A-DE87E14C95F9}.Debug|Any CPU.Build.0 = Debug|Any CPU
		{DAD9104C-2F20-447B-802A-DE87E14C95F9}.Release|Any CPU.ActiveCfg = Release|Any CPU
		{DAD9104C-2F20-447B-802A-DE87E14C95F9}.Release|Any CPU.Build.0 = Release|Any CPU
		{C38B7FA9-47FB-4B66-B9E5-D640A0021C65}.Debug|Any CPU.ActiveCfg = Debug|Any CPU
		{C38B7FA9-47FB-4B66-B9E5-D640A0021C65}.Debug|Any CPU.Build.0 = Debug|Any CPU
		{C38B7FA9-47FB-4B66-B9E5-D640A0021C65}.Release|Any CPU.ActiveCfg = Release|Any CPU
		{C38B7FA9-47FB-4B66-B9E5-D640A0021C65}.Release|Any CPU.Build.0 = Release|Any CPU
	EndGlobalSection
EndGlobal
